{
  "originHash" : "8ea2a28a3a9997ed15758eb30ca9a93eefb923b953033616a3b6707b2df47104",
  "pins" : [
    {
      "identity" : "posthog-ios",
      "kind" : "remoteSourceControl",
      "location" : "https://github.com/PostHog/posthog-ios.git",
      "state" : {
        "revision" : "aff7692fb8d1b04a4b7f72e150c6dce12dfe9f83",
        "version" : "3.62.4"
      }
    },
    {
      "identity" : "purchases-ios",
      "kind" : "remoteSourceControl",
      "location" : "https://github.com/RevenueCat/purchases-ios.git",
      "state" : {
        "revision" : "629a56ecef190469914b8f0914bf0446363eb09f",
        "version" : "5.78.0"
      }
    },
    {
      "identity" : "tiktok-business-ios-sdk",
      "kind" : "remoteSourceControl",
      "location" : "https://github.com/tiktok/tiktok-business-ios-sdk.git",
      "state" : {
        "revision" : "2b11c2c710722e9cf66a29a2341ddba1d209cae4",
        "version" : "1.7.0"
      }
    }
  ],
  "version" : 3
}
